
Microsoft Visual Studio Solution File, Format Version 12.00
# Visual Studio Version 17
VisualStudioVersion = 17.3.32922.545
MinimumVisualStudioVersion = 10.0.40219.1
Project("{FAE04EC0-301F-11D3-BF4B-00C04F79EFBC}") = "MariusTest2", "MariusTest2.csproj", "{94FB62C4-26BE-4792-8C5B-E26C74128577}"
EndProject
Global
	GlobalSection(SolutionConfigurationPlatforms) = preSolution
		Debug|Any CPU = Debug|Any CPU
		Release|Any CPU = Release|Any CPU
	EndGlobalSection
	GlobalSection(ProjectConfigurationPlatforms) = postSolution
		{94FB62C4-26BE-4792-8C5B-E26C74128577}.Debug|Any CPU.ActiveCfg = Debug|Any CPU
		{94FB62C4-26BE-4792-8C5B-E26C74128577}.Debug|Any CPU.Build.0 = Debug|Any CPU
		{94FB62C4-26BE-4792-8C5B-E26C74128577}.Release|Any CPU.ActiveCfg = Release|Any CPU
		{94FB62C4-26BE-4792-8C5B-E26C74128577}.Release|Any CPU.Build.0 = Release|Any CPU
	EndGlobalSection
	GlobalSection(SolutionProperties) = preSolution
		HideSolutionNode = FALSE
	EndGlobalSection
	GlobalSection(ExtensibilityGlobals) = postSolution
		SolutionGuid = {3C9CE79E-ED2D-4237-B61D-8EA3C98A4886}
	EndGlobalSection
EndGlobal
