using System;
using OpenQA.Selenium;
using OpenQA.Selenium.Support.UI;
using OpenQA.Selenium.Chrome;

namespace MariusTest2
{
    internal class Program
    {
        static void Main(string[] args)
        {
            IWebDriver driver = new ChromeDriver("C:\\Users\\Talja\\Downloads\\chromedriver_win32\\");

            driver.Navigate().GoToUrl("http://automationpractice.com/index.php");

            driver.Manage().Timeouts().ImplicitWait = TimeSpan.FromSeconds(15);

            //Searches for the Login or sign in button and cliscks it
            IWebElement loginElement = driver.FindElement(By.ClassName("login"));
            loginElement.Click();

            //selects email text box, clears and allows text to be entered
            IWebElement emailElement = driver.FindElement(By.Id("email_create"));
            emailElement.Clear();
            emailElement.SendKeys("mariusbarca11@gmail.com");

            //submit button clicked on
            IWebElement submitElement = driver.FindElement(By.Id("SubmitCreate"));
            submitElement.Click();

            driver.Manage().Timeouts().ImplicitWait = TimeSpan.FromSeconds(15);

            IWebElement regElement = driver.FindElement(By.Id("submitAccount"));
            regElement.Click();



        }
    }
}
